
Microsoft Visual Studio Solution File, Format Version 12.00
# Visual Studio Version 17
VisualStudioVersion = 17.1.32407.343
MinimumVisualStudioVersion = 10.0.40219.1
Project("{9A19103F-16F7-4668-BE54-9A1E7A4F7556}") = "Sudoku", "Sudoku.csproj", "{663F4DF7-054F-4E3D-A5C3-B0DE9F965691}"
EndProject
Project("{9A19103F-16F7-4668-BE54-9A1E7A4F7556}") = "sudoku.tests", "..\sudoku.tests\sudoku.tests.csproj", "{5E844259-E209-4CB6-9AAB-B16A4500DD8C}"
EndProject
Project("{9A19103F-16F7-4668-BE54-9A1E7A4F7556}") = "OpenCv", "..\OpenCv\OpenCv.csproj", "{BB82EB33-A40F-4909-ABF5-7D8B73C7306F}"
EndProject
Project("{FAE04EC0-301F-11D3-BF4B-00C04F79EFBC}") = "api", "..\api\api.csproj", "{CEDC94F1-9E04-466D-B796-7C083B29B6E5}"
EndProject
Global
	GlobalSection(SolutionConfigurationPlatforms) = preSolution
		Debug|Any CPU = Debug|Any CPU
		Release|Any CPU = Release|Any CPU
	EndGlobalSection
	GlobalSection(ProjectConfigurationPlatforms) = postSolution
		{663F4DF7-054F-4E3D-A5C3-B0DE9F965691}.Debug|Any CPU.ActiveCfg = Debug|Any CPU
		{663F4DF7-054F-4E3D-A5C3-B0DE9F965691}.Debug|Any CPU.Build.0 = Debug|Any CPU
		{663F4DF7-054F-4E3D-A5C3-B0DE9F965691}.Release|Any CPU.ActiveCfg = Release|Any CPU
		{663F4DF7-054F-4E3D-A5C3-B0DE9F965691}.Release|Any CPU.Build.0 = Release|Any CPU
		{5E844259-E209-4CB6-9AAB-B16A4500DD8C}.Debug|Any CPU.ActiveCfg = Debug|Any CPU
		{5E844259-E209-4CB6-9AAB-B16A4500DD8C}.Debug|Any CPU.Build.0 = Debug|Any CPU
		{5E844259-E209-4CB6-9AAB-B16A4500DD8C}.Release|Any CPU.ActiveCfg = Release|Any CPU
		{5E844259-E209-4CB6-9AAB-B16A4500DD8C}.Release|Any CPU.Build.0 = Release|Any CPU
		{BB82EB33-A40F-4909-ABF5-7D8B73C7306F}.Debug|Any CPU.ActiveCfg = Debug|Any CPU
		{BB82EB33-A40F-4909-ABF5-7D8B73C7306F}.Debug|Any CPU.Build.0 = Debug|Any CPU
		{BB82EB33-A40F-4909-ABF5-7D8B73C7306F}.Release|Any CPU.ActiveCfg = Release|Any CPU
		{BB82EB33-A40F-4909-ABF5-7D8B73C7306F}.Release|Any CPU.Build.0 = Release|Any CPU
		{CEDC94F1-9E04-466D-B796-7C083B29B6E5}.Debug|Any CPU.ActiveCfg = Debug|Any CPU
		{CEDC94F1-9E04-466D-B796-7C083B29B6E5}.Debug|Any CPU.Build.0 = Debug|Any CPU
		{CEDC94F1-9E04-466D-B796-7C083B29B6E5}.Release|Any CPU.ActiveCfg = Release|Any CPU
		{CEDC94F1-9E04-466D-B796-7C083B29B6E5}.Release|Any CPU.Build.0 = Release|Any CPU
	EndGlobalSection
	GlobalSection(SolutionProperties) = preSolution
		HideSolutionNode = FALSE
	EndGlobalSection
	GlobalSection(ExtensibilityGlobals) = postSolution
		SolutionGuid = {65E03169-1595-4AAF-9492-EA69A1A6250D}
	EndGlobalSection
EndGlobal
